// !$*UTF8*$!
{
	archiveVersion = 1;
	classes = {
	};
	objectVersion = 46;
	objects = {

/* Begin PBXBuildFile section */
		4644D1FA1C03D722003A52CC /* American_Option_Tri_Memoi.cpp in Sources */ = {isa = PBXBuildFile; fileRef = 4644D1F91C03D722003A52CC /* American_Option_Tri_Memoi.cpp */; };
/* End PBXBuildFile section */

/* Begin PBXCopyFilesBuildPhase section */
		4644D1F41C03D722003A52CC /* CopyFiles */ = {
			isa = PBXCopyFilesBuildPhase;
			buildActionMask = 2147483647;
			dstPath = /usr/share/man/man1/;
			dstSubfolderSpec = 0;
			files = (
			);
			runOnlyForDeploymentPostprocessing = 1;
		};
/* End PBXCopyFilesBuildPhase section */

/* Begin PBXFileReference section */
		4644D1F61C03D722003A52CC /* American_Option_Tri_Memoi */ = {isa = PBXFileReference; explicitFileType = "compiled.mach-o.executable"; includeInIndex = 0; path = American_Option_Tri_Memoi; sourceTree = BUILT_PRODUCTS_DIR; };
		4644D1F91C03D722003A52CC /* American_Option_Tri_Memoi.cpp */ = {isa = PBXFileReference; lastKnownFileType = sourcecode.cpp.cpp; path = American_Option_Tri_Memoi.cpp; sourceTree = "<group>"; };
/* End PBXFileReference section */

/* Begin PBXFrameworksBuildPhase section */
		4644D1F31C03D722003A52CC /* Frameworks */ = {
			isa = PBXFrameworksBuildPhase;
			buildActionMask = 2147483647;
			files = (
			);
			runOnlyForDeploymentPostprocessing = 0;
		};
/* End PBXFrameworksBuildPhase section */

/* Begin PBXGroup section */
		4644D1ED1C03D722003A52CC = {
			isa = PBXGroup;
			children = (
				4644D1F81C03D722003A52CC /* American_Option_Tri_Memoi */,
				4644D1F71C03D722003A52CC /* Products */,
			);
			sourceTree = "<group>";
		};
		4644D1F71C03D722003A52CC /* Products */ = {
			isa = PBXGroup;
			children = (
				4644D1F61C03D722003A52CC /* American_Option_Tri_Memoi */,
			);
			name = Products;
			sourceTree = "<group>";
		};
		4644D1F81C03D722003A52CC /* American_Option_Tri_Memoi */ = {
			isa = PBXGroup;
			children = (
				4644D1F91C03D722003A52CC /* American_Option_Tri_Memoi.cpp */,
			);
			path = American_Option_Tri_Memoi;
			sourceTree = "<group>";
		};
/* End PBXGroup section */

/* Begin PBXNativeTarget section */
		4644D1F51C03D722003A52CC /* American_Option_Tri_Memoi */ = {
			isa = PBXNativeTarget;
			buildConfigurationList = 4644D1FD1C03D722003A52CC /* Build configuration list for PBXNativeTarget "American_Option_Tri_Memoi" */;
			buildPhases = (
				4644D1F21C03D722003A52CC /* Sources */,
				4644D1F31C03D722003A52CC /* Frameworks */,
				4644D1F41C03D722003A52CC /* CopyFiles */,
			);
			buildRules = (
			);
			dependencies = (
			);
			name = American_Option_Tri_Memoi;
			productName = American_Option_Tri_Memoi;
			productReference = 4644D1F61C03D722003A52CC /* American_Option_Tri_Memoi */;
			productType = "com.apple.product-type.tool";
		};
/* End PBXNativeTarget section */

/* Begin PBXProject section */
		4644D1EE1C03D722003A52CC /* Project object */ = {
			isa = PBXProject;
			attributes = {
				LastUpgradeCheck = 0700;
				ORGANIZATIONNAME = "Dongliang Yi";
				TargetAttributes = {
					4644D1F51C03D722003A52CC = {
						CreatedOnToolsVersion = 7.0;
					};
				};
			};
			buildConfigurationList = 4644D1F11C03D722003A52CC /* Build configuration list for PBXProject "American_Option_Tri_Memoi" */;
			compatibilityVersion = "Xcode 3.2";
			developmentRegion = English;
			hasScannedForEncodings = 0;
			knownRegions = (
				en,
			);
			mainGroup = 4644D1ED1C03D722003A52CC;
			productRefGroup = 4644D1F71C03D722003A52CC /* Products */;
			projectDirPath = "";
			projectRoot = "";
			targets = (
				4644D1F51C03D722003A52CC /* American_Option_Tri_Memoi */,
			);
		};
/* End PBXProject section */

/* Begin PBXSourcesBuildPhase section */
		4644D1F21C03D722003A52CC /* Sources */ = {
			isa = PBXSourcesBuildPhase;
			buildActionMask = 2147483647;
			files = (
				4644D1FA1C03D722003A52CC /* American_Option_Tri_Memoi.cpp in Sources */,
			);
			runOnlyForDeploymentPostprocessing = 0;
		};
/* End PBXSourcesBuildPhase section */

/* Begin XCBuildConfiguration section */
		4644D1FB1C03D722003A52CC /* Debug */ = {
			isa = XCBuildConfiguration;
			buildSettings = {
				ALWAYS_SEARCH_USER_PATHS = NO;
				CLANG_CXX_LANGUAGE_STANDARD = "gnu++0x";
				CLANG_CXX_LIBRARY = "libc++";
				CLANG_ENABLE_MODULES = YES;
				CLANG_ENABLE_OBJC_ARC = YES;
				CLANG_WARN_BOOL_CONVERSION = YES;
				CLANG_WARN_CONSTANT_CONVERSION = YES;
				CLANG_WARN_DIRECT_OBJC_ISA_USAGE = YES_ERROR;
				CLANG_WARN_EMPTY_BODY = YES;
				CLANG_WARN_ENUM_CONVERSION = YES;
				CLANG_WARN_INT_CONVERSION = YES;
				CLANG_WARN_OBJC_ROOT_CLASS = YES_ERROR;
				CLANG_WARN_UNREACHABLE_CODE = YES;
				CLANG_WARN__DUPLICATE_METHOD_MATCH = YES;
				COPY_PHASE_STRIP = NO;
				DEBUG_INFORMATION_FORMAT = dwarf;
				ENABLE_STRICT_OBJC_MSGSEND = YES;
				ENABLE_TESTABILITY = YES;
				GCC_C_LANGUAGE_STANDARD = gnu99;
				GCC_DYNAMIC_NO_PIC = NO;
				GCC_NO_COMMON_BLOCKS = YES;
				GCC_OPTIMIZATION_LEVEL = 0;
				GCC_PREPROCESSOR_DEFINITIONS = (
					"DEBUG=1",
					"$(inherited)",
				);
				GCC_WARN_64_TO_32_BIT_CONVERSION = YES;
				GCC_WARN_ABOUT_RETURN_TYPE = YES_ERROR;
				GCC_WARN_UNDECLARED_SELECTOR = YES;
				GCC_WARN_UNINITIALIZED_AUTOS = YES_AGGRESSIVE;
				GCC_WARN_UNUSED_FUNCTION = YES;
				GCC_WARN_UNUSED_VARIABLE = YES;
				MACOSX_DEPLOYMENT_TARGET = 10.11;
				MTL_ENABLE_DEBUG_INFO = YES;
				ONLY_ACTIVE_ARCH = YES;
				SDKROOT = macosx;
			};
			name = Debug;
		};
		4644D1FC1C03D722003A52CC /* Release */ = {
			isa = XCBuildConfiguration;
			buildSettings = {
				ALWAYS_SEARCH_USER_PATHS = NO;
				CLANG_CXX_LANGUAGE_STANDARD = "gnu++0x";
				CLANG_CXX_LIBRARY = "libc++";
				CLANG_ENABLE_MODULES = YES;
				CLANG_ENABLE_OBJC_ARC = YES;
				CLANG_WARN_BOOL_CONVERSION = YES;
				CLANG_WARN_CONSTANT_CONVERSION = YES;
				CLANG_WARN_DIRECT_OBJC_ISA_USAGE = YES_ERROR;
				CLANG_WARN_EMPTY_BODY = YES;
				CLANG_WARN_ENUM_CONVERSION = YES;
				CLANG_WARN_INT_CONVERSION = YES;
				CLANG_WARN_OBJC_ROOT_CLASS = YES_ERROR;
				CLANG_WARN_UNREACHABLE_CODE = YES;
				CLANG_WARN__DUPLICATE_METHOD_MATCH = YES;
				COPY_PHASE_STRIP = NO;
				DEBUG_INFORMATION_FORMAT = "dwarf-with-dsym";
				ENABLE_NS_ASSERTIONS = NO;
				ENABLE_STRICT_OBJC_MSGSEND = YES;
				GCC_C_LANGUAGE_STANDARD = gnu99;
				GCC_NO_COMMON_BLOCKS = YES;
				GCC_WARN_64_TO_32_BIT_CONVERSION = YES;
				GCC_WARN_ABOUT_RETURN_TYPE = YES_ERROR;
				GCC_WARN_UNDECLARED_SELECTOR = YES;
				GCC_WARN_UNINITIALIZED_AUTOS = YES_AGGRESSIVE;
				GCC_WARN_UNUSED_FUNCTION = YES;
				GCC_WARN_UNUSED_VARIABLE = YES;
				MACOSX_DEPLOYMENT_TARGET = 10.11;
				MTL_ENABLE_DEBUG_INFO = NO;
				SDKROOT = macosx;
			};
			name = Release;
		};
		4644D1FE1C03D722003A52CC /* Debug */ = {
			isa = XCBuildConfiguration;
			buildSettings = {
				PRODUCT_NAME = "$(TARGET_NAME)";
			};
			name = Debug;
		};
		4644D1FF1C03D722003A52CC /* Release */ = {
			isa = XCBuildConfiguration;
			buildSettings = {
				PRODUCT_NAME = "$(TARGET_NAME)";
			};
			name = Release;
		};
/* End XCBuildConfiguration section */

/* Begin XCConfigurationList section */
		4644D1F11C03D722003A52CC /* Build configuration list for PBXProject "American_Option_Tri_Memoi" */ = {
			isa = XCConfigurationList;
			buildConfigurations = (
				4644D1FB1C03D722003A52CC /* Debug */,
				4644D1FC1C03D722003A52CC /* Release */,
			);
			defaultConfigurationIsVisible = 0;
			defaultConfigurationName = Release;
		};
		4644D1FD1C03D722003A52CC /* Build configuration list for PBXNativeTarget "American_Option_Tri_Memoi" */ = {
			isa = XCConfigurationList;
			buildConfigurations = (
				4644D1FE1C03D722003A52CC /* Debug */,
				4644D1FF1C03D722003A52CC /* Release */,
			);
			defaultConfigurationIsVisible = 0;
		};
/* End XCConfigurationList section */
	};
	rootObject = 4644D1EE1C03D722003A52CC /* Project object */;
}
