// !$*UTF8*$!
{
	archiveVersion = 1;
	classes = {
	};
	objectVersion = 46;
	objects = {

/* Begin PBXBuildFile section */
		464D15FC1BF17B1E007F28D3 /* Least_Loss.cpp in Sources */ = {isa = PBXBuildFile; fileRef = 464D15FB1BF17B1E007F28D3 /* Least_Loss.cpp */; };
/* End PBXBuildFile section */

/* Begin PBXCopyFilesBuildPhase section */
		464D15F61BF17B1E007F28D3 /* CopyFiles */ = {
			isa = PBXCopyFilesBuildPhase;
			buildActionMask = 2147483647;
			dstPath = /usr/share/man/man1/;
			dstSubfolderSpec = 0;
			files = (
			);
			runOnlyForDeploymentPostprocessing = 1;
		};
/* End PBXCopyFilesBuildPhase section */

/* Begin PBXFileReference section */
		464D15F81BF17B1E007F28D3 /* Least_Loss */ = {isa = PBXFileReference; explicitFileType = "compiled.mach-o.executable"; includeInIndex = 0; path = Least_Loss; sourceTree = BUILT_PRODUCTS_DIR; };
		464D15FB1BF17B1E007F28D3 /* Least_Loss.cpp */ = {isa = PBXFileReference; lastKnownFileType = sourcecode.cpp.cpp; path = Least_Loss.cpp; sourceTree = "<group>"; };
		464D16021BF17B44007F28D3 /* Least_Loss.h */ = {isa = PBXFileReference; fileEncoding = 4; lastKnownFileType = sourcecode.c.h; path = Least_Loss.h; sourceTree = "<group>"; };
/* End PBXFileReference section */

/* Begin PBXFrameworksBuildPhase section */
		464D15F51BF17B1E007F28D3 /* Frameworks */ = {
			isa = PBXFrameworksBuildPhase;
			buildActionMask = 2147483647;
			files = (
			);
			runOnlyForDeploymentPostprocessing = 0;
		};
/* End PBXFrameworksBuildPhase section */

/* Begin PBXGroup section */
		464D15EF1BF17B1E007F28D3 = {
			isa = PBXGroup;
			children = (
				464D15FA1BF17B1E007F28D3 /* Least_Loss */,
				464D15F91BF17B1E007F28D3 /* Products */,
			);
			sourceTree = "<group>";
		};
		464D15F91BF17B1E007F28D3 /* Products */ = {
			isa = PBXGroup;
			children = (
				464D15F81BF17B1E007F28D3 /* Least_Loss */,
			);
			name = Products;
			sourceTree = "<group>";
		};
		464D15FA1BF17B1E007F28D3 /* Least_Loss */ = {
			isa = PBXGroup;
			children = (
				464D15FB1BF17B1E007F28D3 /* Least_Loss.cpp */,
				464D16021BF17B44007F28D3 /* Least_Loss.h */,
			);
			path = Least_Loss;
			sourceTree = "<group>";
		};
/* End PBXGroup section */

/* Begin PBXNativeTarget section */
		464D15F71BF17B1E007F28D3 /* Least_Loss */ = {
			isa = PBXNativeTarget;
			buildConfigurationList = 464D15FF1BF17B1E007F28D3 /* Build configuration list for PBXNativeTarget "Least_Loss" */;
			buildPhases = (
				464D15F41BF17B1E007F28D3 /* Sources */,
				464D15F51BF17B1E007F28D3 /* Frameworks */,
				464D15F61BF17B1E007F28D3 /* CopyFiles */,
			);
			buildRules = (
			);
			dependencies = (
			);
			name = Least_Loss;
			productName = Least_Loss;
			productReference = 464D15F81BF17B1E007F28D3 /* Least_Loss */;
			productType = "com.apple.product-type.tool";
		};
/* End PBXNativeTarget section */

/* Begin PBXProject section */
		464D15F01BF17B1E007F28D3 /* Project object */ = {
			isa = PBXProject;
			attributes = {
				LastUpgradeCheck = 0700;
				ORGANIZATIONNAME = "Dongliang Yi";
				TargetAttributes = {
					464D15F71BF17B1E007F28D3 = {
						CreatedOnToolsVersion = 7.0;
					};
				};
			};
			buildConfigurationList = 464D15F31BF17B1E007F28D3 /* Build configuration list for PBXProject "Least_Loss" */;
			compatibilityVersion = "Xcode 3.2";
			developmentRegion = English;
			hasScannedForEncodings = 0;
			knownRegions = (
				en,
			);
			mainGroup = 464D15EF1BF17B1E007F28D3;
			productRefGroup = 464D15F91BF17B1E007F28D3 /* Products */;
			projectDirPath = "";
			projectRoot = "";
			targets = (
				464D15F71BF17B1E007F28D3 /* Least_Loss */,
			);
		};
/* End PBXProject section */

/* Begin PBXSourcesBuildPhase section */
		464D15F41BF17B1E007F28D3 /* Sources */ = {
			isa = PBXSourcesBuildPhase;
			buildActionMask = 2147483647;
			files = (
				464D15FC1BF17B1E007F28D3 /* Least_Loss.cpp in Sources */,
			);
			runOnlyForDeploymentPostprocessing = 0;
		};
/* End PBXSourcesBuildPhase section */

/* Begin XCBuildConfiguration section */
		464D15FD1BF17B1E007F28D3 /* Debug */ = {
			isa = XCBuildConfiguration;
			buildSettings = {
				ALWAYS_SEARCH_USER_PATHS = NO;
				CLANG_CXX_LANGUAGE_STANDARD = "gnu++0x";
				CLANG_CXX_LIBRARY = "libc++";
				CLANG_ENABLE_MODULES = YES;
				CLANG_ENABLE_OBJC_ARC = YES;
				CLANG_WARN_BOOL_CONVERSION = YES;
				CLANG_WARN_CONSTANT_CONVERSION = YES;
				CLANG_WARN_DIRECT_OBJC_ISA_USAGE = YES_ERROR;
				CLANG_WARN_EMPTY_BODY = YES;
				CLANG_WARN_ENUM_CONVERSION = YES;
				CLANG_WARN_INT_CONVERSION = YES;
				CLANG_WARN_OBJC_ROOT_CLASS = YES_ERROR;
				CLANG_WARN_UNREACHABLE_CODE = YES;
				CLANG_WARN__DUPLICATE_METHOD_MATCH = YES;
				COPY_PHASE_STRIP = NO;
				DEBUG_INFORMATION_FORMAT = dwarf;
				ENABLE_STRICT_OBJC_MSGSEND = YES;
				ENABLE_TESTABILITY = YES;
				GCC_C_LANGUAGE_STANDARD = gnu99;
				GCC_DYNAMIC_NO_PIC = NO;
				GCC_NO_COMMON_BLOCKS = YES;
				GCC_OPTIMIZATION_LEVEL = 0;
				GCC_PREPROCESSOR_DEFINITIONS = (
					"DEBUG=1",
					"$(inherited)",
				);
				GCC_WARN_64_TO_32_BIT_CONVERSION = YES;
				GCC_WARN_ABOUT_RETURN_TYPE = YES_ERROR;
				GCC_WARN_UNDECLARED_SELECTOR = YES;
				GCC_WARN_UNINITIALIZED_AUTOS = YES_AGGRESSIVE;
				GCC_WARN_UNUSED_FUNCTION = YES;
				GCC_WARN_UNUSED_VARIABLE = YES;
				MACOSX_DEPLOYMENT_TARGET = 10.11;
				MTL_ENABLE_DEBUG_INFO = YES;
				ONLY_ACTIVE_ARCH = YES;
				SDKROOT = macosx;
			};
			name = Debug;
		};
		464D15FE1BF17B1E007F28D3 /* Release */ = {
			isa = XCBuildConfiguration;
			buildSettings = {
				ALWAYS_SEARCH_USER_PATHS = NO;
				CLANG_CXX_LANGUAGE_STANDARD = "gnu++0x";
				CLANG_CXX_LIBRARY = "libc++";
				CLANG_ENABLE_MODULES = YES;
				CLANG_ENABLE_OBJC_ARC = YES;
				CLANG_WARN_BOOL_CONVERSION = YES;
				CLANG_WARN_CONSTANT_CONVERSION = YES;
				CLANG_WARN_DIRECT_OBJC_ISA_USAGE = YES_ERROR;
				CLANG_WARN_EMPTY_BODY = YES;
				CLANG_WARN_ENUM_CONVERSION = YES;
				CLANG_WARN_INT_CONVERSION = YES;
				CLANG_WARN_OBJC_ROOT_CLASS = YES_ERROR;
				CLANG_WARN_UNREACHABLE_CODE = YES;
				CLANG_WARN__DUPLICATE_METHOD_MATCH = YES;
				COPY_PHASE_STRIP = NO;
				DEBUG_INFORMATION_FORMAT = "dwarf-with-dsym";
				ENABLE_NS_ASSERTIONS = NO;
				ENABLE_STRICT_OBJC_MSGSEND = YES;
				GCC_C_LANGUAGE_STANDARD = gnu99;
				GCC_NO_COMMON_BLOCKS = YES;
				GCC_WARN_64_TO_32_BIT_CONVERSION = YES;
				GCC_WARN_ABOUT_RETURN_TYPE = YES_ERROR;
				GCC_WARN_UNDECLARED_SELECTOR = YES;
				GCC_WARN_UNINITIALIZED_AUTOS = YES_AGGRESSIVE;
				GCC_WARN_UNUSED_FUNCTION = YES;
				GCC_WARN_UNUSED_VARIABLE = YES;
				MACOSX_DEPLOYMENT_TARGET = 10.11;
				MTL_ENABLE_DEBUG_INFO = NO;
				SDKROOT = macosx;
			};
			name = Release;
		};
		464D16001BF17B1E007F28D3 /* Debug */ = {
			isa = XCBuildConfiguration;
			buildSettings = {
				PRODUCT_NAME = "$(TARGET_NAME)";
			};
			name = Debug;
		};
		464D16011BF17B1E007F28D3 /* Release */ = {
			isa = XCBuildConfiguration;
			buildSettings = {
				PRODUCT_NAME = "$(TARGET_NAME)";
			};
			name = Release;
		};
/* End XCBuildConfiguration section */

/* Begin XCConfigurationList section */
		464D15F31BF17B1E007F28D3 /* Build configuration list for PBXProject "Least_Loss" */ = {
			isa = XCConfigurationList;
			buildConfigurations = (
				464D15FD1BF17B1E007F28D3 /* Debug */,
				464D15FE1BF17B1E007F28D3 /* Release */,
			);
			defaultConfigurationIsVisible = 0;
			defaultConfigurationName = Release;
		};
		464D15FF1BF17B1E007F28D3 /* Build configuration list for PBXNativeTarget "Least_Loss" */ = {
			isa = XCConfigurationList;
			buildConfigurations = (
				464D16001BF17B1E007F28D3 /* Debug */,
				464D16011BF17B1E007F28D3 /* Release */,
			);
			defaultConfigurationIsVisible = 0;
		};
/* End XCConfigurationList section */
	};
	rootObject = 464D15F01BF17B1E007F28D3 /* Project object */;
}
