// !$*UTF8*$!
{
	archiveVersion = 1;
	classes = {
	};
	objectVersion = 46;
	objects = {

/* Begin PBXBuildFile section */
		462DE6891BA777AB007DFE94 /* sudoku_all.cpp in Sources */ = {isa = PBXBuildFile; fileRef = 462DE6881BA777AB007DFE94 /* sudoku_all.cpp */; };
/* End PBXBuildFile section */

/* Begin PBXCopyFilesBuildPhase section */
		462DE6831BA777AB007DFE94 /* CopyFiles */ = {
			isa = PBXCopyFilesBuildPhase;
			buildActionMask = 2147483647;
			dstPath = /usr/share/man/man1/;
			dstSubfolderSpec = 0;
			files = (
			);
			runOnlyForDeploymentPostprocessing = 1;
		};
/* End PBXCopyFilesBuildPhase section */

/* Begin PBXFileReference section */
		462DE6851BA777AB007DFE94 /* sudoku_all */ = {isa = PBXFileReference; explicitFileType = "compiled.mach-o.executable"; includeInIndex = 0; path = sudoku_all; sourceTree = BUILT_PRODUCTS_DIR; };
		462DE6881BA777AB007DFE94 /* sudoku_all.cpp */ = {isa = PBXFileReference; lastKnownFileType = sourcecode.cpp.cpp; path = sudoku_all.cpp; sourceTree = "<group>"; };
		462DE68F1BA777E5007DFE94 /* sudoku_all.h */ = {isa = PBXFileReference; lastKnownFileType = sourcecode.c.h; path = sudoku_all.h; sourceTree = "<group>"; };
/* End PBXFileReference section */

/* Begin PBXFrameworksBuildPhase section */
		462DE6821BA777AB007DFE94 /* Frameworks */ = {
			isa = PBXFrameworksBuildPhase;
			buildActionMask = 2147483647;
			files = (
			);
			runOnlyForDeploymentPostprocessing = 0;
		};
/* End PBXFrameworksBuildPhase section */

/* Begin PBXGroup section */
		462DE67C1BA777AB007DFE94 = {
			isa = PBXGroup;
			children = (
				462DE6871BA777AB007DFE94 /* sudoku_all */,
				462DE6861BA777AB007DFE94 /* Products */,
			);
			sourceTree = "<group>";
		};
		462DE6861BA777AB007DFE94 /* Products */ = {
			isa = PBXGroup;
			children = (
				462DE6851BA777AB007DFE94 /* sudoku_all */,
			);
			name = Products;
			sourceTree = "<group>";
		};
		462DE6871BA777AB007DFE94 /* sudoku_all */ = {
			isa = PBXGroup;
			children = (
				462DE6881BA777AB007DFE94 /* sudoku_all.cpp */,
				462DE68F1BA777E5007DFE94 /* sudoku_all.h */,
			);
			path = sudoku_all;
			sourceTree = "<group>";
		};
/* End PBXGroup section */

/* Begin PBXNativeTarget section */
		462DE6841BA777AB007DFE94 /* sudoku_all */ = {
			isa = PBXNativeTarget;
			buildConfigurationList = 462DE68C1BA777AB007DFE94 /* Build configuration list for PBXNativeTarget "sudoku_all" */;
			buildPhases = (
				462DE6811BA777AB007DFE94 /* Sources */,
				462DE6821BA777AB007DFE94 /* Frameworks */,
				462DE6831BA777AB007DFE94 /* CopyFiles */,
			);
			buildRules = (
			);
			dependencies = (
			);
			name = sudoku_all;
			productName = sudoku_all;
			productReference = 462DE6851BA777AB007DFE94 /* sudoku_all */;
			productType = "com.apple.product-type.tool";
		};
/* End PBXNativeTarget section */

/* Begin PBXProject section */
		462DE67D1BA777AB007DFE94 /* Project object */ = {
			isa = PBXProject;
			attributes = {
				LastUpgradeCheck = 0640;
				ORGANIZATIONNAME = "Dongliang Yi";
				TargetAttributes = {
					462DE6841BA777AB007DFE94 = {
						CreatedOnToolsVersion = 6.4;
					};
				};
			};
			buildConfigurationList = 462DE6801BA777AB007DFE94 /* Build configuration list for PBXProject "sudoku_all" */;
			compatibilityVersion = "Xcode 3.2";
			developmentRegion = English;
			hasScannedForEncodings = 0;
			knownRegions = (
				en,
			);
			mainGroup = 462DE67C1BA777AB007DFE94;
			productRefGroup = 462DE6861BA777AB007DFE94 /* Products */;
			projectDirPath = "";
			projectRoot = "";
			targets = (
				462DE6841BA777AB007DFE94 /* sudoku_all */,
			);
		};
/* End PBXProject section */

/* Begin PBXSourcesBuildPhase section */
		462DE6811BA777AB007DFE94 /* Sources */ = {
			isa = PBXSourcesBuildPhase;
			buildActionMask = 2147483647;
			files = (
				462DE6891BA777AB007DFE94 /* sudoku_all.cpp in Sources */,
			);
			runOnlyForDeploymentPostprocessing = 0;
		};
/* End PBXSourcesBuildPhase section */

/* Begin XCBuildConfiguration section */
		462DE68A1BA777AB007DFE94 /* Debug */ = {
			isa = XCBuildConfiguration;
			buildSettings = {
				ALWAYS_SEARCH_USER_PATHS = NO;
				CLANG_CXX_LANGUAGE_STANDARD = "gnu++0x";
				CLANG_CXX_LIBRARY = "libc++";
				CLANG_ENABLE_MODULES = YES;
				CLANG_ENABLE_OBJC_ARC = YES;
				CLANG_WARN_BOOL_CONVERSION = YES;
				CLANG_WARN_CONSTANT_CONVERSION = YES;
				CLANG_WARN_DIRECT_OBJC_ISA_USAGE = YES_ERROR;
				CLANG_WARN_EMPTY_BODY = YES;
				CLANG_WARN_ENUM_CONVERSION = YES;
				CLANG_WARN_INT_CONVERSION = YES;
				CLANG_WARN_OBJC_ROOT_CLASS = YES_ERROR;
				CLANG_WARN_UNREACHABLE_CODE = YES;
				CLANG_WARN__DUPLICATE_METHOD_MATCH = YES;
				COPY_PHASE_STRIP = NO;
				DEBUG_INFORMATION_FORMAT = dwarf;
				ENABLE_STRICT_OBJC_MSGSEND = YES;
				GCC_C_LANGUAGE_STANDARD = gnu99;
				GCC_DYNAMIC_NO_PIC = NO;
				GCC_NO_COMMON_BLOCKS = YES;
				GCC_OPTIMIZATION_LEVEL = 0;
				GCC_PREPROCESSOR_DEFINITIONS = (
					"DEBUG=1",
					"$(inherited)",
				);
				GCC_SYMBOLS_PRIVATE_EXTERN = NO;
				GCC_WARN_64_TO_32_BIT_CONVERSION = YES;
				GCC_WARN_ABOUT_RETURN_TYPE = YES_ERROR;
				GCC_WARN_UNDECLARED_SELECTOR = YES;
				GCC_WARN_UNINITIALIZED_AUTOS = YES_AGGRESSIVE;
				GCC_WARN_UNUSED_FUNCTION = YES;
				GCC_WARN_UNUSED_VARIABLE = YES;
				MACOSX_DEPLOYMENT_TARGET = 10.10;
				MTL_ENABLE_DEBUG_INFO = YES;
				ONLY_ACTIVE_ARCH = YES;
				SDKROOT = macosx;
			};
			name = Debug;
		};
		462DE68B1BA777AB007DFE94 /* Release */ = {
			isa = XCBuildConfiguration;
			buildSettings = {
				ALWAYS_SEARCH_USER_PATHS = NO;
				CLANG_CXX_LANGUAGE_STANDARD = "gnu++0x";
				CLANG_CXX_LIBRARY = "libc++";
				CLANG_ENABLE_MODULES = YES;
				CLANG_ENABLE_OBJC_ARC = YES;
				CLANG_WARN_BOOL_CONVERSION = YES;
				CLANG_WARN_CONSTANT_CONVERSION = YES;
				CLANG_WARN_DIRECT_OBJC_ISA_USAGE = YES_ERROR;
				CLANG_WARN_EMPTY_BODY = YES;
				CLANG_WARN_ENUM_CONVERSION = YES;
				CLANG_WARN_INT_CONVERSION = YES;
				CLANG_WARN_OBJC_ROOT_CLASS = YES_ERROR;
				CLANG_WARN_UNREACHABLE_CODE = YES;
				CLANG_WARN__DUPLICATE_METHOD_MATCH = YES;
				COPY_PHASE_STRIP = NO;
				DEBUG_INFORMATION_FORMAT = "dwarf-with-dsym";
				ENABLE_NS_ASSERTIONS = NO;
				ENABLE_STRICT_OBJC_MSGSEND = YES;
				GCC_C_LANGUAGE_STANDARD = gnu99;
				GCC_NO_COMMON_BLOCKS = YES;
				GCC_WARN_64_TO_32_BIT_CONVERSION = YES;
				GCC_WARN_ABOUT_RETURN_TYPE = YES_ERROR;
				GCC_WARN_UNDECLARED_SELECTOR = YES;
				GCC_WARN_UNINITIALIZED_AUTOS = YES_AGGRESSIVE;
				GCC_WARN_UNUSED_FUNCTION = YES;
				GCC_WARN_UNUSED_VARIABLE = YES;
				MACOSX_DEPLOYMENT_TARGET = 10.10;
				MTL_ENABLE_DEBUG_INFO = NO;
				SDKROOT = macosx;
			};
			name = Release;
		};
		462DE68D1BA777AB007DFE94 /* Debug */ = {
			isa = XCBuildConfiguration;
			buildSettings = {
				PRODUCT_NAME = "$(TARGET_NAME)";
			};
			name = Debug;
		};
		462DE68E1BA777AB007DFE94 /* Release */ = {
			isa = XCBuildConfiguration;
			buildSettings = {
				PRODUCT_NAME = "$(TARGET_NAME)";
			};
			name = Release;
		};
/* End XCBuildConfiguration section */

/* Begin XCConfigurationList section */
		462DE6801BA777AB007DFE94 /* Build configuration list for PBXProject "sudoku_all" */ = {
			isa = XCConfigurationList;
			buildConfigurations = (
				462DE68A1BA777AB007DFE94 /* Debug */,
				462DE68B1BA777AB007DFE94 /* Release */,
			);
			defaultConfigurationIsVisible = 0;
			defaultConfigurationName = Release;
		};
		462DE68C1BA777AB007DFE94 /* Build configuration list for PBXNativeTarget "sudoku_all" */ = {
			isa = XCConfigurationList;
			buildConfigurations = (
				462DE68D1BA777AB007DFE94 /* Debug */,
				462DE68E1BA777AB007DFE94 /* Release */,
			);
			defaultConfigurationIsVisible = 0;
		};
/* End XCConfigurationList section */
	};
	rootObject = 462DE67D1BA777AB007DFE94 /* Project object */;
}
