// !$*UTF8*$!
{
	archiveVersion = 1;
	classes = {
	};
	objectVersion = 46;
	objects = {

/* Begin PBXBuildFile section */
		465970E01BA26D0800B42F33 /* N_queens.cpp in Sources */ = {isa = PBXBuildFile; fileRef = 465970DF1BA26D0800B42F33 /* N_queens.cpp */; };
/* End PBXBuildFile section */

/* Begin PBXCopyFilesBuildPhase section */
		465970DA1BA26D0800B42F33 /* CopyFiles */ = {
			isa = PBXCopyFilesBuildPhase;
			buildActionMask = 2147483647;
			dstPath = /usr/share/man/man1/;
			dstSubfolderSpec = 0;
			files = (
			);
			runOnlyForDeploymentPostprocessing = 1;
		};
/* End PBXCopyFilesBuildPhase section */

/* Begin PBXFileReference section */
		465970DC1BA26D0800B42F33 /* N_Queens_Problem */ = {isa = PBXFileReference; explicitFileType = "compiled.mach-o.executable"; includeInIndex = 0; path = N_Queens_Problem; sourceTree = BUILT_PRODUCTS_DIR; };
		465970DF1BA26D0800B42F33 /* N_queens.cpp */ = {isa = PBXFileReference; lastKnownFileType = sourcecode.cpp.cpp; path = N_queens.cpp; sourceTree = "<group>"; };
		465970E61BA26D3800B42F33 /* N_queens.h */ = {isa = PBXFileReference; fileEncoding = 4; lastKnownFileType = sourcecode.c.h; path = N_queens.h; sourceTree = "<group>"; };
/* End PBXFileReference section */

/* Begin PBXFrameworksBuildPhase section */
		465970D91BA26D0800B42F33 /* Frameworks */ = {
			isa = PBXFrameworksBuildPhase;
			buildActionMask = 2147483647;
			files = (
			);
			runOnlyForDeploymentPostprocessing = 0;
		};
/* End PBXFrameworksBuildPhase section */

/* Begin PBXGroup section */
		465970D31BA26D0800B42F33 = {
			isa = PBXGroup;
			children = (
				465970DE1BA26D0800B42F33 /* N_Queens_Problem */,
				465970DD1BA26D0800B42F33 /* Products */,
			);
			sourceTree = "<group>";
		};
		465970DD1BA26D0800B42F33 /* Products */ = {
			isa = PBXGroup;
			children = (
				465970DC1BA26D0800B42F33 /* N_Queens_Problem */,
			);
			name = Products;
			sourceTree = "<group>";
		};
		465970DE1BA26D0800B42F33 /* N_Queens_Problem */ = {
			isa = PBXGroup;
			children = (
				465970DF1BA26D0800B42F33 /* N_queens.cpp */,
				465970E61BA26D3800B42F33 /* N_queens.h */,
			);
			path = N_Queens_Problem;
			sourceTree = "<group>";
		};
/* End PBXGroup section */

/* Begin PBXNativeTarget section */
		465970DB1BA26D0800B42F33 /* N_Queens_Problem */ = {
			isa = PBXNativeTarget;
			buildConfigurationList = 465970E31BA26D0800B42F33 /* Build configuration list for PBXNativeTarget "N_Queens_Problem" */;
			buildPhases = (
				465970D81BA26D0800B42F33 /* Sources */,
				465970D91BA26D0800B42F33 /* Frameworks */,
				465970DA1BA26D0800B42F33 /* CopyFiles */,
			);
			buildRules = (
			);
			dependencies = (
			);
			name = N_Queens_Problem;
			productName = N_Queens_Problem;
			productReference = 465970DC1BA26D0800B42F33 /* N_Queens_Problem */;
			productType = "com.apple.product-type.tool";
		};
/* End PBXNativeTarget section */

/* Begin PBXProject section */
		465970D41BA26D0800B42F33 /* Project object */ = {
			isa = PBXProject;
			attributes = {
				LastUpgradeCheck = 0640;
				ORGANIZATIONNAME = "Dongliang Yi";
				TargetAttributes = {
					465970DB1BA26D0800B42F33 = {
						CreatedOnToolsVersion = 6.4;
					};
				};
			};
			buildConfigurationList = 465970D71BA26D0800B42F33 /* Build configuration list for PBXProject "N_Queens_Problem" */;
			compatibilityVersion = "Xcode 3.2";
			developmentRegion = English;
			hasScannedForEncodings = 0;
			knownRegions = (
				en,
			);
			mainGroup = 465970D31BA26D0800B42F33;
			productRefGroup = 465970DD1BA26D0800B42F33 /* Products */;
			projectDirPath = "";
			projectRoot = "";
			targets = (
				465970DB1BA26D0800B42F33 /* N_Queens_Problem */,
			);
		};
/* End PBXProject section */

/* Begin PBXSourcesBuildPhase section */
		465970D81BA26D0800B42F33 /* Sources */ = {
			isa = PBXSourcesBuildPhase;
			buildActionMask = 2147483647;
			files = (
				465970E01BA26D0800B42F33 /* N_queens.cpp in Sources */,
			);
			runOnlyForDeploymentPostprocessing = 0;
		};
/* End PBXSourcesBuildPhase section */

/* Begin XCBuildConfiguration section */
		465970E11BA26D0800B42F33 /* Debug */ = {
			isa = XCBuildConfiguration;
			buildSettings = {
				ALWAYS_SEARCH_USER_PATHS = NO;
				CLANG_CXX_LANGUAGE_STANDARD = "gnu++0x";
				CLANG_CXX_LIBRARY = "libc++";
				CLANG_ENABLE_MODULES = YES;
				CLANG_ENABLE_OBJC_ARC = YES;
				CLANG_WARN_BOOL_CONVERSION = YES;
				CLANG_WARN_CONSTANT_CONVERSION = YES;
				CLANG_WARN_DIRECT_OBJC_ISA_USAGE = YES_ERROR;
				CLANG_WARN_EMPTY_BODY = YES;
				CLANG_WARN_ENUM_CONVERSION = YES;
				CLANG_WARN_INT_CONVERSION = YES;
				CLANG_WARN_OBJC_ROOT_CLASS = YES_ERROR;
				CLANG_WARN_UNREACHABLE_CODE = YES;
				CLANG_WARN__DUPLICATE_METHOD_MATCH = YES;
				COPY_PHASE_STRIP = NO;
				DEBUG_INFORMATION_FORMAT = dwarf;
				ENABLE_STRICT_OBJC_MSGSEND = YES;
				GCC_C_LANGUAGE_STANDARD = gnu99;
				GCC_DYNAMIC_NO_PIC = NO;
				GCC_NO_COMMON_BLOCKS = YES;
				GCC_OPTIMIZATION_LEVEL = 0;
				GCC_PREPROCESSOR_DEFINITIONS = (
					"DEBUG=1",
					"$(inherited)",
				);
				GCC_SYMBOLS_PRIVATE_EXTERN = NO;
				GCC_WARN_64_TO_32_BIT_CONVERSION = YES;
				GCC_WARN_ABOUT_RETURN_TYPE = YES_ERROR;
				GCC_WARN_UNDECLARED_SELECTOR = YES;
				GCC_WARN_UNINITIALIZED_AUTOS = YES_AGGRESSIVE;
				GCC_WARN_UNUSED_FUNCTION = YES;
				GCC_WARN_UNUSED_VARIABLE = YES;
				MACOSX_DEPLOYMENT_TARGET = 10.10;
				MTL_ENABLE_DEBUG_INFO = YES;
				ONLY_ACTIVE_ARCH = YES;
				SDKROOT = macosx;
			};
			name = Debug;
		};
		465970E21BA26D0800B42F33 /* Release */ = {
			isa = XCBuildConfiguration;
			buildSettings = {
				ALWAYS_SEARCH_USER_PATHS = NO;
				CLANG_CXX_LANGUAGE_STANDARD = "gnu++0x";
				CLANG_CXX_LIBRARY = "libc++";
				CLANG_ENABLE_MODULES = YES;
				CLANG_ENABLE_OBJC_ARC = YES;
				CLANG_WARN_BOOL_CONVERSION = YES;
				CLANG_WARN_CONSTANT_CONVERSION = YES;
				CLANG_WARN_DIRECT_OBJC_ISA_USAGE = YES_ERROR;
				CLANG_WARN_EMPTY_BODY = YES;
				CLANG_WARN_ENUM_CONVERSION = YES;
				CLANG_WARN_INT_CONVERSION = YES;
				CLANG_WARN_OBJC_ROOT_CLASS = YES_ERROR;
				CLANG_WARN_UNREACHABLE_CODE = YES;
				CLANG_WARN__DUPLICATE_METHOD_MATCH = YES;
				COPY_PHASE_STRIP = NO;
				DEBUG_INFORMATION_FORMAT = "dwarf-with-dsym";
				ENABLE_NS_ASSERTIONS = NO;
				ENABLE_STRICT_OBJC_MSGSEND = YES;
				GCC_C_LANGUAGE_STANDARD = gnu99;
				GCC_NO_COMMON_BLOCKS = YES;
				GCC_WARN_64_TO_32_BIT_CONVERSION = YES;
				GCC_WARN_ABOUT_RETURN_TYPE = YES_ERROR;
				GCC_WARN_UNDECLARED_SELECTOR = YES;
				GCC_WARN_UNINITIALIZED_AUTOS = YES_AGGRESSIVE;
				GCC_WARN_UNUSED_FUNCTION = YES;
				GCC_WARN_UNUSED_VARIABLE = YES;
				MACOSX_DEPLOYMENT_TARGET = 10.10;
				MTL_ENABLE_DEBUG_INFO = NO;
				SDKROOT = macosx;
			};
			name = Release;
		};
		465970E41BA26D0800B42F33 /* Debug */ = {
			isa = XCBuildConfiguration;
			buildSettings = {
				PRODUCT_NAME = "$(TARGET_NAME)";
			};
			name = Debug;
		};
		465970E51BA26D0800B42F33 /* Release */ = {
			isa = XCBuildConfiguration;
			buildSettings = {
				PRODUCT_NAME = "$(TARGET_NAME)";
			};
			name = Release;
		};
/* End XCBuildConfiguration section */

/* Begin XCConfigurationList section */
		465970D71BA26D0800B42F33 /* Build configuration list for PBXProject "N_Queens_Problem" */ = {
			isa = XCConfigurationList;
			buildConfigurations = (
				465970E11BA26D0800B42F33 /* Debug */,
				465970E21BA26D0800B42F33 /* Release */,
			);
			defaultConfigurationIsVisible = 0;
			defaultConfigurationName = Release;
		};
		465970E31BA26D0800B42F33 /* Build configuration list for PBXNativeTarget "N_Queens_Problem" */ = {
			isa = XCConfigurationList;
			buildConfigurations = (
				465970E41BA26D0800B42F33 /* Debug */,
				465970E51BA26D0800B42F33 /* Release */,
			);
			defaultConfigurationIsVisible = 0;
		};
/* End XCConfigurationList section */
	};
	rootObject = 465970D41BA26D0800B42F33 /* Project object */;
}
